
Microsoft Visual Studio Solution File, Format Version 12.00
# Visual Studio Version 17
VisualStudioVersion = 17.0.31903.59
MinimumVisualStudioVersion = 10.0.40219.1
Project("{2150E333-8FDC-42A3-9474-1A3956D46DE8}") = "Application", "Application", "{A74F262E-BDE7-D5D2-89E9-785413424D0A}"
EndProject
Project("{FAE04EC0-301F-11D3-BF4B-00C04F79EFBC}") = "pvfUtility", "pvfUtility.csproj", "{976F520D-EF70-45CE-8734-1994A98C389B}"
EndProject
Project("{2150E333-8FDC-42A3-9474-1A3956D46DE8}") = "Source Libraries", "Source Libraries", "{62F06446-7DEF-37D4-1F52-82A46AD2F605}"
EndProject
Project("{FAE04EC0-301F-11D3-BF4B-00C04F79EFBC}") = "GMTool.Dot", "SourceLibraries\GMTool.Dot\GMTool.Dot.csproj", "{F3CB862D-87FD-4F45-B761-7A118688847A}"
EndProject
Project("{FAE04EC0-301F-11D3-BF4B-00C04F79EFBC}") = "GMTool.SqlModel", "SourceLibraries\GMTool.SqlModel\GMTool.SqlModel.csproj", "{F39ADF96-2DF8-4CA8-87BE-21D465B63464}"
EndProject
Project("{FAE04EC0-301F-11D3-BF4B-00C04F79EFBC}") = "Utools", "SourceLibraries\Utools\Utools.csproj", "{3E3059E9-5656-48E1-9D79-F329B1D97DBE}"
EndProject
Project("{FAE04EC0-301F-11D3-BF4B-00C04F79EFBC}") = "GMTool.Services", "SourceLibraries\GMTool.Services\GMTool.Services.csproj", "{0C7D8271-F747-4BBB-BFFC-92D9C6637220}"
EndProject
Project("{FAE04EC0-301F-11D3-BF4B-00C04F79EFBC}") = "PvfCode.Dot", "SourceLibraries\PvfCode.Dot\PvfCode.Dot.csproj", "{1D425844-A974-47E4-B332-979B81F3994C}"
EndProject
Project("{FAE04EC0-301F-11D3-BF4B-00C04F79EFBC}") = "HL", "SourceLibraries\HL\HL.csproj", "{9611591E-C4D3-4F3D-9506-921595E36D94}"
EndProject
Project("{FAE04EC0-301F-11D3-BF4B-00C04F79EFBC}") = "ICSharpCode.AvalonEdit", "SourceLibraries\ICSharpCode.AvalonEdit\ICSharpCode.AvalonEdit.csproj", "{B15B2A60-D41F-4897-B8D6-0E9053EDE508}"
EndProject
Project("{FAE04EC0-301F-11D3-BF4B-00C04F79EFBC}") = "PvfCode.LoggerBase", "SourceLibraries\PvfCode.LoggerBase\PvfCode.LoggerBase.csproj", "{97D049D7-BDA3-49FF-8B13-7F5C43CDF5F2}"
EndProject
Project("{FAE04EC0-301F-11D3-BF4B-00C04F79EFBC}") = "Swordfish.NET.CollectionsV3", "SourceLibraries\Swordfish.NET.CollectionsV3\Swordfish.NET.CollectionsV3.csproj", "{352768BB-1684-46D7-AC59-4E2636C7779F}"
EndProject
Project("{FAE04EC0-301F-11D3-BF4B-00C04F79EFBC}") = "PvfCode.Models", "SourceLibraries\PvfCode.Models\PvfCode.Models.csproj", "{976386AF-CA6D-449A-BA69-C7E4E3A775BD}"
EndProject
Project("{FAE04EC0-301F-11D3-BF4B-00C04F79EFBC}") = "ServiceLocator", "SourceLibraries\ServiceLocator\ServiceLocator.csproj", "{AC925D10-DE0B-48C9-A766-B3867AE136D1}"
EndProject
Project("{FAE04EC0-301F-11D3-BF4B-00C04F79EFBC}") = "UnitComboLib", "SourceLibraries\UnitComboLib\UnitComboLib.csproj", "{9D21C653-59C3-4211-ACCD-A4424420037E}"
EndProject
Project("{FAE04EC0-301F-11D3-BF4B-00C04F79EFBC}") = "PvfCode.NPK.Utils", "SourceLibraries\PvfCode.NPK.Utils\PvfCode.NPK.Utils.csproj", "{0F56D0A0-C8C6-48CE-B0CE-7840BDD31790}"
EndProject
Project("{FAE04EC0-301F-11D3-BF4B-00C04F79EFBC}") = "Vulild.Ionic.Zlib", "SourceLibraries\Vulild.Ionic.Zlib\Vulild.Ionic.Zlib.csproj", "{CBBD0870-74EE-41C4-AEE2-723FE2C80120}"
EndProject
Project("{FAE04EC0-301F-11D3-BF4B-00C04F79EFBC}") = "PvfCode.Services", "SourceLibraries\PvfCode.Services\PvfCode.Services.csproj", "{809276FB-C4FE-4A24-91D1-763C4F387EB0}"
EndProject
Project("{FAE04EC0-301F-11D3-BF4B-00C04F79EFBC}") = "pvfUtility.WebApi.Dto", "SourceLibraries\pvfUtility.WebApi.Dto\pvfUtility.WebApi.Dto.csproj", "{5B2C9A2C-2B04-48CD-BF9B-19F94BB6F451}"
EndProject
Project("{FAE04EC0-301F-11D3-BF4B-00C04F79EFBC}") = "SevenZipSharp", "SourceLibraries\SevenZipSharp\SevenZipSharp.csproj", "{8C419193-2F95-45D0-AFA2-4C6D130F750E}"
EndProject
Project("{FAE04EC0-301F-11D3-BF4B-00C04F79EFBC}") = "Settings", "SourceLibraries\Settings\Settings.csproj", "{FD053013-39F1-4E9C-8C99-DDE1873B9561}"
EndProject
Project("{FAE04EC0-301F-11D3-BF4B-00C04F79EFBC}") = "SettingsModel", "SourceLibraries\SettingsModel\SettingsModel.csproj", "{76F8A584-B500-41A4-A8F2-6C4D87B9AF15}"
EndProject
Project("{FAE04EC0-301F-11D3-BF4B-00C04F79EFBC}") = "TextEditLib", "SourceLibraries\TextEditLib\TextEditLib.csproj", "{33DE225B-D435-42F4-9913-A686C3E3D3D8}"
EndProject
Project("{FAE04EC0-301F-11D3-BF4B-00C04F79EFBC}") = "Whetstone.ChatGPT", "SourceLibraries\Whetstone.ChatGPT\Whetstone.ChatGPT.csproj", "{DE299F9A-488D-415C-9AEF-C442105376B7}"
EndProject
Project("{FAE04EC0-301F-11D3-BF4B-00C04F79EFBC}") = "WpfRangeControls", "SourceLibraries\WpfRangeControls\WpfRangeControls.csproj", "{EB19D272-3A2C-4A88-8A22-783683CCCABC}"
EndProject
Project("{2150E333-8FDC-42A3-9474-1A3956D46DE8}") = "tools", "tools", "{07C2787E-EAC7-C090-1BA3-A61EC2A24D84}"
EndProject
Project("{FAE04EC0-301F-11D3-BF4B-00C04F79EFBC}") = "PvfResourceMerger", "tools\PvfResourceMerger\PvfResourceMerger.csproj", "{7B0582CF-77DB-4917-A9A6-CB1F8C312DF0}"
EndProject
Project("{2150E333-8FDC-42A3-9474-1A3956D46DE8}") = "tests", "tests", "{0AB3BF05-4346-4AA6-1389-037BE0695223}"
EndProject
Project("{FAE04EC0-301F-11D3-BF4B-00C04F79EFBC}") = "PvfResourceMerger.RegressionTests", "tests\PvfResourceMerger.RegressionTests\PvfResourceMerger.RegressionTests.csproj", "{BF35DCF0-BBDE-4DAB-B093-5BE4362B4760}"
EndProject
Global
	GlobalSection(SolutionConfigurationPlatforms) = preSolution
		Debug|Any CPU = Debug|Any CPU
		Debug|x64 = Debug|x64
		Debug|x86 = Debug|x86
		Release|Any CPU = Release|Any CPU
		Release|x64 = Release|x64
		Release|x86 = Release|x86
	EndGlobalSection
	GlobalSection(ProjectConfigurationPlatforms) = postSolution
		{976F520D-EF70-45CE-8734-1994A98C389B}.Debug|Any CPU.ActiveCfg = Debug|Any CPU
		{976F520D-EF70-45CE-8734-1994A98C389B}.Debug|Any CPU.Build.0 = Debug|Any CPU
		{976F520D-EF70-45CE-8734-1994A98C389B}.Debug|x64.ActiveCfg = Debug|Any CPU
		{976F520D-EF70-45CE-8734-1994A98C389B}.Debug|x64.Build.0 = Debug|Any CPU
		{976F520D-EF70-45CE-8734-1994A98C389B}.Debug|x86.ActiveCfg = Debug|Any CPU
		{976F520D-EF70-45CE-8734-1994A98C389B}.Debug|x86.Build.0 = Debug|Any CPU
		{976F520D-EF70-45CE-8734-1994A98C389B}.Release|Any CPU.ActiveCfg = Release|Any CPU
		{976F520D-EF70-45CE-8734-1994A98C389B}.Release|Any CPU.Build.0 = Release|Any CPU
		{976F520D-EF70-45CE-8734-1994A98C389B}.Release|x64.ActiveCfg = Release|Any CPU
		{976F520D-EF70-45CE-8734-1994A98C389B}.Release|x64.Build.0 = Release|Any CPU
		{976F520D-EF70-45CE-8734-1994A98C389B}.Release|x86.ActiveCfg = Release|Any CPU
		{976F520D-EF70-45CE-8734-1994A98C389B}.Release|x86.Build.0 = Release|Any CPU
		{F3CB862D-87FD-4F45-B761-7A118688847A}.Debug|Any CPU.ActiveCfg = Debug|Any CPU
		{F3CB862D-87FD-4F45-B761-7A118688847A}.Debug|Any CPU.Build.0 = Debug|Any CPU
		{F3CB862D-87FD-4F45-B761-7A118688847A}.Debug|x64.ActiveCfg = Debug|Any CPU
		{F3CB862D-87FD-4F45-B761-7A118688847A}.Debug|x64.Build.0 = Debug|Any CPU
		{F3CB862D-87FD-4F45-B761-7A118688847A}.Debug|x86.ActiveCfg = Debug|Any CPU
		{F3CB862D-87FD-4F45-B761-7A118688847A}.Debug|x86.Build.0 = Debug|Any CPU
		{F3CB862D-87FD-4F45-B761-7A118688847A}.Release|Any CPU.ActiveCfg = Release|Any CPU
		{F3CB862D-87FD-4F45-B761-7A118688847A}.Release|Any CPU.Build.0 = Release|Any CPU
		{F3CB862D-87FD-4F45-B761-7A118688847A}.Release|x64.ActiveCfg = Release|Any CPU
		{F3CB862D-87FD-4F45-B761-7A118688847A}.Release|x64.Build.0 = Release|Any CPU
		{F3CB862D-87FD-4F45-B761-7A118688847A}.Release|x86.ActiveCfg = Release|Any CPU
		{F3CB862D-87FD-4F45-B761-7A118688847A}.Release|x86.Build.0 = Release|Any CPU
		{F39ADF96-2DF8-4CA8-87BE-21D465B63464}.Debug|Any CPU.ActiveCfg = Debug|Any CPU
		{F39ADF96-2DF8-4CA8-87BE-21D465B63464}.Debug|Any CPU.Build.0 = Debug|Any CPU
		{F39ADF96-2DF8-4CA8-87BE-21D465B63464}.Debug|x64.ActiveCfg = Debug|Any CPU
		{F39ADF96-2DF8-4CA8-87BE-21D465B63464}.Debug|x64.Build.0 = Debug|Any CPU
		{F39ADF96-2DF8-4CA8-87BE-21D465B63464}.Debug|x86.ActiveCfg = Debug|Any CPU
		{F39ADF96-2DF8-4CA8-87BE-21D465B63464}.Debug|x86.Build.0 = Debug|Any CPU
		{F39ADF96-2DF8-4CA8-87BE-21D465B63464}.Release|Any CPU.ActiveCfg = Release|Any CPU
		{F39ADF96-2DF8-4CA8-87BE-21D465B63464}.Release|Any CPU.Build.0 = Release|Any CPU
		{F39ADF96-2DF8-4CA8-87BE-21D465B63464}.Release|x64.ActiveCfg = Release|Any CPU
		{F39ADF96-2DF8-4CA8-87BE-21D465B63464}.Release|x64.Build.0 = Release|Any CPU
		{F39ADF96-2DF8-4CA8-87BE-21D465B63464}.Release|x86.ActiveCfg = Release|Any CPU
		{F39ADF96-2DF8-4CA8-87BE-21D465B63464}.Release|x86.Build.0 = Release|Any CPU
		{3E3059E9-5656-48E1-9D79-F329B1D97DBE}.Debug|Any CPU.ActiveCfg = Debug|Any CPU
		{3E3059E9-5656-48E1-9D79-F329B1D97DBE}.Debug|Any CPU.Build.0 = Debug|Any CPU
		{3E3059E9-5656-48E1-9D79-F329B1D97DBE}.Debug|x64.ActiveCfg = Debug|Any CPU
		{3E3059E9-5656-48E1-9D79-F329B1D97DBE}.Debug|x64.Build.0 = Debug|Any CPU
		{3E3059E9-5656-48E1-9D79-F329B1D97DBE}.Debug|x86.ActiveCfg = Debug|Any CPU
		{3E3059E9-5656-48E1-9D79-F329B1D97DBE}.Debug|x86.Build.0 = Debug|Any CPU
		{3E3059E9-5656-48E1-9D79-F329B1D97DBE}.Release|Any CPU.ActiveCfg = Release|Any CPU
		{3E3059E9-5656-48E1-9D79-F329B1D97DBE}.Release|Any CPU.Build.0 = Release|Any CPU
		{3E3059E9-5656-48E1-9D79-F329B1D97DBE}.Release|x64.ActiveCfg = Release|Any CPU
		{3E3059E9-5656-48E1-9D79-F329B1D97DBE}.Release|x64.Build.0 = Release|Any CPU
		{3E3059E9-5656-48E1-9D79-F329B1D97DBE}.Release|x86.ActiveCfg = Release|Any CPU
		{3E3059E9-5656-48E1-9D79-F329B1D97DBE}.Release|x86.Build.0 = Release|Any CPU
		{0C7D8271-F747-4BBB-BFFC-92D9C6637220}.Debug|Any CPU.ActiveCfg = Debug|Any CPU
		{0C7D8271-F747-4BBB-BFFC-92D9C6637220}.Debug|Any CPU.Build.0 = Debug|Any CPU
		{0C7D8271-F747-4BBB-BFFC-92D9C6637220}.Debug|x64.ActiveCfg = Debug|Any CPU
		{0C7D8271-F747-4BBB-BFFC-92D9C6637220}.Debug|x64.Build.0 = Debug|Any CPU
		{0C7D8271-F747-4BBB-BFFC-92D9C6637220}.Debug|x86.ActiveCfg = Debug|Any CPU
		{0C7D8271-F747-4BBB-BFFC-92D9C6637220}.Debug|x86.Build.0 = Debug|Any CPU
		{0C7D8271-F747-4BBB-BFFC-92D9C6637220}.Release|Any CPU.ActiveCfg = Release|Any CPU
		{0C7D8271-F747-4BBB-BFFC-92D9C6637220}.Release|Any CPU.Build.0 = Release|Any CPU
		{0C7D8271-F747-4BBB-BFFC-92D9C6637220}.Release|x64.ActiveCfg = Release|Any CPU
		{0C7D8271-F747-4BBB-BFFC-92D9C6637220}.Release|x64.Build.0 = Release|Any CPU
		{0C7D8271-F747-4BBB-BFFC-92D9C6637220}.Release|x86.ActiveCfg = Release|Any CPU
		{0C7D8271-F747-4BBB-BFFC-92D9C6637220}.Release|x86.Build.0 = Release|Any CPU
		{1D425844-A974-47E4-B332-979B81F3994C}.Debug|Any CPU.ActiveCfg = Debug|Any CPU
		{1D425844-A974-47E4-B332-979B81F3994C}.Debug|Any CPU.Build.0 = Debug|Any CPU
		{1D425844-A974-47E4-B332-979B81F3994C}.Debug|x64.ActiveCfg = Debug|Any CPU
		{1D425844-A974-47E4-B332-979B81F3994C}.Debug|x64.Build.0 = Debug|Any CPU
		{1D425844-A974-47E4-B332-979B81F3994C}.Debug|x86.ActiveCfg = Debug|Any CPU
		{1D425844-A974-47E4-B332-979B81F3994C}.Debug|x86.Build.0 = Debug|Any CPU
		{1D425844-A974-47E4-B332-979B81F3994C}.Release|Any CPU.ActiveCfg = Release|Any CPU
		{1D425844-A974-47E4-B332-979B81F3994C}.Release|Any CPU.Build.0 = Release|Any CPU
		{1D425844-A974-47E4-B332-979B81F3994C}.Release|x64.ActiveCfg = Release|Any CPU
		{1D425844-A974-47E4-B332-979B81F3994C}.Release|x64.Build.0 = Release|Any CPU
		{1D425844-A974-47E4-B332-979B81F3994C}.Release|x86.ActiveCfg = Release|Any CPU
		{1D425844-A974-47E4-B332-979B81F3994C}.Release|x86.Build.0 = Release|Any CPU
		{9611591E-C4D3-4F3D-9506-921595E36D94}.Debug|Any CPU.ActiveCfg = Debug|Any CPU
		{9611591E-C4D3-4F3D-9506-921595E36D94}.Debug|Any CPU.Build.0 = Debug|Any CPU
		{9611591E-C4D3-4F3D-9506-921595E36D94}.Debug|x64.ActiveCfg = Debug|Any CPU
		{9611591E-C4D3-4F3D-9506-921595E36D94}.Debug|x64.Build.0 = Debug|Any CPU
		{9611591E-C4D3-4F3D-9506-921595E36D94}.Debug|x86.ActiveCfg = Debug|Any CPU
		{9611591E-C4D3-4F3D-9506-921595E36D94}.Debug|x86.Build.0 = Debug|Any CPU
		{9611591E-C4D3-4F3D-9506-921595E36D94}.Release|Any CPU.ActiveCfg = Release|Any CPU
		{9611591E-C4D3-4F3D-9506-921595E36D94}.Release|Any CPU.Build.0 = Release|Any CPU
		{9611591E-C4D3-4F3D-9506-921595E36D94}.Release|x64.ActiveCfg = Release|Any CPU
		{9611591E-C4D3-4F3D-9506-921595E36D94}.Release|x64.Build.0 = Release|Any CPU
		{9611591E-C4D3-4F3D-9506-921595E36D94}.Release|x86.ActiveCfg = Release|Any CPU
		{9611591E-C4D3-4F3D-9506-921595E36D94}.Release|x86.Build.0 = Release|Any CPU
		{B15B2A60-D41F-4897-B8D6-0E9053EDE508}.Debug|Any CPU.ActiveCfg = Debug|Any CPU
		{B15B2A60-D41F-4897-B8D6-0E9053EDE508}.Debug|Any CPU.Build.0 = Debug|Any CPU
		{B15B2A60-D41F-4897-B8D6-0E9053EDE508}.Debug|x64.ActiveCfg = Debug|Any CPU
		{B15B2A60-D41F-4897-B8D6-0E9053EDE508}.Debug|x64.Build.0 = Debug|Any CPU
		{B15B2A60-D41F-4897-B8D6-0E9053EDE508}.Debug|x86.ActiveCfg = Debug|Any CPU
		{B15B2A60-D41F-4897-B8D6-0E9053EDE508}.Debug|x86.Build.0 = Debug|Any CPU
		{B15B2A60-D41F-4897-B8D6-0E9053EDE508}.Release|Any CPU.ActiveCfg = Release|Any CPU
		{B15B2A60-D41F-4897-B8D6-0E9053EDE508}.Release|Any CPU.Build.0 = Release|Any CPU
		{B15B2A60-D41F-4897-B8D6-0E9053EDE508}.Release|x64.ActiveCfg = Release|Any CPU
		{B15B2A60-D41F-4897-B8D6-0E9053EDE508}.Release|x64.Build.0 = Release|Any CPU
		{B15B2A60-D41F-4897-B8D6-0E9053EDE508}.Release|x86.ActiveCfg = Release|Any CPU
		{B15B2A60-D41F-4897-B8D6-0E9053EDE508}.Release|x86.Build.0 = Release|Any CPU
		{97D049D7-BDA3-49FF-8B13-7F5C43CDF5F2}.Debug|Any CPU.ActiveCfg = Debug|Any CPU
		{97D049D7-BDA3-49FF-8B13-7F5C43CDF5F2}.Debug|Any CPU.Build.0 = Debug|Any CPU
		{97D049D7-BDA3-49FF-8B13-7F5C43CDF5F2}.Debug|x64.ActiveCfg = Debug|Any CPU
		{97D049D7-BDA3-49FF-8B13-7F5C43CDF5F2}.Debug|x64.Build.0 = Debug|Any CPU
		{97D049D7-BDA3-49FF-8B13-7F5C43CDF5F2}.Debug|x86.ActiveCfg = Debug|Any CPU
		{97D049D7-BDA3-49FF-8B13-7F5C43CDF5F2}.Debug|x86.Build.0 = Debug|Any CPU
		{97D049D7-BDA3-49FF-8B13-7F5C43CDF5F2}.Release|Any CPU.ActiveCfg = Release|Any CPU
		{97D049D7-BDA3-49FF-8B13-7F5C43CDF5F2}.Release|Any CPU.Build.0 = Release|Any CPU
		{97D049D7-BDA3-49FF-8B13-7F5C43CDF5F2}.Release|x64.ActiveCfg = Release|Any CPU
		{97D049D7-BDA3-49FF-8B13-7F5C43CDF5F2}.Release|x64.Build.0 = Release|Any CPU
		{97D049D7-BDA3-49FF-8B13-7F5C43CDF5F2}.Release|x86.ActiveCfg = Release|Any CPU
		{97D049D7-BDA3-49FF-8B13-7F5C43CDF5F2}.Release|x86.Build.0 = Release|Any CPU
		{352768BB-1684-46D7-AC59-4E2636C7779F}.Debug|Any CPU.ActiveCfg = Debug|Any CPU
		{352768BB-1684-46D7-AC59-4E2636C7779F}.Debug|Any CPU.Build.0 = Debug|Any CPU
		{352768BB-1684-46D7-AC59-4E2636C7779F}.Debug|x64.ActiveCfg = Debug|Any CPU
		{352768BB-1684-46D7-AC59-4E2636C7779F}.Debug|x64.Build.0 = Debug|Any CPU
		{352768BB-1684-46D7-AC59-4E2636C7779F}.Debug|x86.ActiveCfg = Debug|Any CPU
		{352768BB-1684-46D7-AC59-4E2636C7779F}.Debug|x86.Build.0 = Debug|Any CPU
		{352768BB-1684-46D7-AC59-4E2636C7779F}.Release|Any CPU.ActiveCfg = Release|Any CPU
		{352768BB-1684-46D7-AC59-4E2636C7779F}.Release|Any CPU.Build.0 = Release|Any CPU
		{352768BB-1684-46D7-AC59-4E2636C7779F}.Release|x64.ActiveCfg = Release|Any CPU
		{352768BB-1684-46D7-AC59-4E2636C7779F}.Release|x64.Build.0 = Release|Any CPU
		{352768BB-1684-46D7-AC59-4E2636C7779F}.Release|x86.ActiveCfg = Release|Any CPU
		{352768BB-1684-46D7-AC59-4E2636C7779F}.Release|x86.Build.0 = Release|Any CPU
		{976386AF-CA6D-449A-BA69-C7E4E3A775BD}.Debug|Any CPU.ActiveCfg = Debug|Any CPU
		{976386AF-CA6D-449A-BA69-C7E4E3A775BD}.Debug|Any CPU.Build.0 = Debug|Any CPU
		{976386AF-CA6D-449A-BA69-C7E4E3A775BD}.Debug|x64.ActiveCfg = Debug|Any CPU
		{976386AF-CA6D-449A-BA69-C7E4E3A775BD}.Debug|x64.Build.0 = Debug|Any CPU
		{976386AF-CA6D-449A-BA69-C7E4E3A775BD}.Debug|x86.ActiveCfg = Debug|Any CPU
		{976386AF-CA6D-449A-BA69-C7E4E3A775BD}.Debug|x86.Build.0 = Debug|Any CPU
		{976386AF-CA6D-449A-BA69-C7E4E3A775BD}.Release|Any CPU.ActiveCfg = Release|Any CPU
		{976386AF-CA6D-449A-BA69-C7E4E3A775BD}.Release|Any CPU.Build.0 = Release|Any CPU
		{976386AF-CA6D-449A-BA69-C7E4E3A775BD}.Release|x64.ActiveCfg = Release|Any CPU
		{976386AF-CA6D-449A-BA69-C7E4E3A775BD}.Release|x64.Build.0 = Release|Any CPU
		{976386AF-CA6D-449A-BA69-C7E4E3A775BD}.Release|x86.ActiveCfg = Release|Any CPU
		{976386AF-CA6D-449A-BA69-C7E4E3A775BD}.Release|x86.Build.0 = Release|Any CPU
		{AC925D10-DE0B-48C9-A766-B3867AE136D1}.Debug|Any CPU.ActiveCfg = Debug|Any CPU
		{AC925D10-DE0B-48C9-A766-B3867AE136D1}.Debug|Any CPU.Build.0 = Debug|Any CPU
		{AC925D10-DE0B-48C9-A766-B3867AE136D1}.Debug|x64.ActiveCfg = Debug|Any CPU
		{AC925D10-DE0B-48C9-A766-B3867AE136D1}.Debug|x64.Build.0 = Debug|Any CPU
		{AC925D10-DE0B-48C9-A766-B3867AE136D1}.Debug|x86.ActiveCfg = Debug|Any CPU
		{AC925D10-DE0B-48C9-A766-B3867AE136D1}.Debug|x86.Build.0 = Debug|Any CPU
		{AC925D10-DE0B-48C9-A766-B3867AE136D1}.Release|Any CPU.ActiveCfg = Release|Any CPU
		{AC925D10-DE0B-48C9-A766-B3867AE136D1}.Release|Any CPU.Build.0 = Release|Any CPU
		{AC925D10-DE0B-48C9-A766-B3867AE136D1}.Release|x64.ActiveCfg = Release|Any CPU
		{AC925D10-DE0B-48C9-A766-B3867AE136D1}.Release|x64.Build.0 = Release|Any CPU
		{AC925D10-DE0B-48C9-A766-B3867AE136D1}.Release|x86.ActiveCfg = Release|Any CPU
		{AC925D10-DE0B-48C9-A766-B3867AE136D1}.Release|x86.Build.0 = Release|Any CPU
		{9D21C653-59C3-4211-ACCD-A4424420037E}.Debug|Any CPU.ActiveCfg = Debug|Any CPU
		{9D21C653-59C3-4211-ACCD-A4424420037E}.Debug|Any CPU.Build.0 = Debug|Any CPU
		{9D21C653-59C3-4211-ACCD-A4424420037E}.Debug|x64.ActiveCfg = Debug|Any CPU
		{9D21C653-59C3-4211-ACCD-A4424420037E}.Debug|x64.Build.0 = Debug|Any CPU
		{9D21C653-59C3-4211-ACCD-A4424420037E}.Debug|x86.ActiveCfg = Debug|Any CPU
		{9D21C653-59C3-4211-ACCD-A4424420037E}.Debug|x86.Build.0 = Debug|Any CPU
		{9D21C653-59C3-4211-ACCD-A4424420037E}.Release|Any CPU.ActiveCfg = Release|Any CPU
		{9D21C653-59C3-4211-ACCD-A4424420037E}.Release|Any CPU.Build.0 = Release|Any CPU
		{9D21C653-59C3-4211-ACCD-A4424420037E}.Release|x64.ActiveCfg = Release|Any CPU
		{9D21C653-59C3-4211-ACCD-A4424420037E}.Release|x64.Build.0 = Release|Any CPU
		{9D21C653-59C3-4211-ACCD-A4424420037E}.Release|x86.ActiveCfg = Release|Any CPU
		{9D21C653-59C3-4211-ACCD-A4424420037E}.Release|x86.Build.0 = Release|Any CPU
		{0F56D0A0-C8C6-48CE-B0CE-7840BDD31790}.Debug|Any CPU.ActiveCfg = Debug|Any CPU
		{0F56D0A0-C8C6-48CE-B0CE-7840BDD31790}.Debug|Any CPU.Build.0 = Debug|Any CPU
		{0F56D0A0-C8C6-48CE-B0CE-7840BDD31790}.Debug|x64.ActiveCfg = Debug|Any CPU
		{0F56D0A0-C8C6-48CE-B0CE-7840BDD31790}.Debug|x64.Build.0 = Debug|Any CPU
		{0F56D0A0-C8C6-48CE-B0CE-7840BDD31790}.Debug|x86.ActiveCfg = Debug|Any CPU
		{0F56D0A0-C8C6-48CE-B0CE-7840BDD31790}.Debug|x86.Build.0 = Debug|Any CPU
		{0F56D0A0-C8C6-48CE-B0CE-7840BDD31790}.Release|Any CPU.ActiveCfg = Release|Any CPU
		{0F56D0A0-C8C6-48CE-B0CE-7840BDD31790}.Release|Any CPU.Build.0 = Release|Any CPU
		{0F56D0A0-C8C6-48CE-B0CE-7840BDD31790}.Release|x64.ActiveCfg = Release|Any CPU
		{0F56D0A0-C8C6-48CE-B0CE-7840BDD31790}.Release|x64.Build.0 = Release|Any CPU
		{0F56D0A0-C8C6-48CE-B0CE-7840BDD31790}.Release|x86.ActiveCfg = Release|Any CPU
		{0F56D0A0-C8C6-48CE-B0CE-7840BDD31790}.Release|x86.Build.0 = Release|Any CPU
		{CBBD0870-74EE-41C4-AEE2-723FE2C80120}.Debug|Any CPU.ActiveCfg = Debug|Any CPU
		{CBBD0870-74EE-41C4-AEE2-723FE2C80120}.Debug|Any CPU.Build.0 = Debug|Any CPU
		{CBBD0870-74EE-41C4-AEE2-723FE2C80120}.Debug|x64.ActiveCfg = Debug|Any CPU
		{CBBD0870-74EE-41C4-AEE2-723FE2C80120}.Debug|x64.Build.0 = Debug|Any CPU
		{CBBD0870-74EE-41C4-AEE2-723FE2C80120}.Debug|x86.ActiveCfg = Debug|Any CPU
		{CBBD0870-74EE-41C4-AEE2-723FE2C80120}.Debug|x86.Build.0 = Debug|Any CPU
		{CBBD0870-74EE-41C4-AEE2-723FE2C80120}.Release|Any CPU.ActiveCfg = Release|Any CPU
		{CBBD0870-74EE-41C4-AEE2-723FE2C80120}.Release|Any CPU.Build.0 = Release|Any CPU
		{CBBD0870-74EE-41C4-AEE2-723FE2C80120}.Release|x64.ActiveCfg = Release|Any CPU
		{CBBD0870-74EE-41C4-AEE2-723FE2C80120}.Release|x64.Build.0 = Release|Any CPU
		{CBBD0870-74EE-41C4-AEE2-723FE2C80120}.Release|x86.ActiveCfg = Release|Any CPU
		{CBBD0870-74EE-41C4-AEE2-723FE2C80120}.Release|x86.Build.0 = Release|Any CPU
		{809276FB-C4FE-4A24-91D1-763C4F387EB0}.Debug|Any CPU.ActiveCfg = Debug|Any CPU
		{809276FB-C4FE-4A24-91D1-763C4F387EB0}.Debug|Any CPU.Build.0 = Debug|Any CPU
		{809276FB-C4FE-4A24-91D1-763C4F387EB0}.Debug|x64.ActiveCfg = Debug|Any CPU
		{809276FB-C4FE-4A24-91D1-763C4F387EB0}.Debug|x64.Build.0 = Debug|Any CPU
		{809276FB-C4FE-4A24-91D1-763C4F387EB0}.Debug|x86.ActiveCfg = Debug|Any CPU
		{809276FB-C4FE-4A24-91D1-763C4F387EB0}.Debug|x86.Build.0 = Debug|Any CPU
		{809276FB-C4FE-4A24-91D1-763C4F387EB0}.Release|Any CPU.ActiveCfg = Release|Any CPU
		{809276FB-C4FE-4A24-91D1-763C4F387EB0}.Release|Any CPU.Build.0 = Release|Any CPU
		{809276FB-C4FE-4A24-91D1-763C4F387EB0}.Release|x64.ActiveCfg = Release|Any CPU
		{809276FB-C4FE-4A24-91D1-763C4F387EB0}.Release|x64.Build.0 = Release|Any CPU
		{809276FB-C4FE-4A24-91D1-763C4F387EB0}.Release|x86.ActiveCfg = Release|Any CPU
		{809276FB-C4FE-4A24-91D1-763C4F387EB0}.Release|x86.Build.0 = Release|Any CPU
		{5B2C9A2C-2B04-48CD-BF9B-19F94BB6F451}.Debug|Any CPU.ActiveCfg = Debug|Any CPU
		{5B2C9A2C-2B04-48CD-BF9B-19F94BB6F451}.Debug|Any CPU.Build.0 = Debug|Any CPU
		{5B2C9A2C-2B04-48CD-BF9B-19F94BB6F451}.Debug|x64.ActiveCfg = Debug|Any CPU
		{5B2C9A2C-2B04-48CD-BF9B-19F94BB6F451}.Debug|x64.Build.0 = Debug|Any CPU
		{5B2C9A2C-2B04-48CD-BF9B-19F94BB6F451}.Debug|x86.ActiveCfg = Debug|Any CPU
		{5B2C9A2C-2B04-48CD-BF9B-19F94BB6F451}.Debug|x86.Build.0 = Debug|Any CPU
		{5B2C9A2C-2B04-48CD-BF9B-19F94BB6F451}.Release|Any CPU.ActiveCfg = Release|Any CPU
		{5B2C9A2C-2B04-48CD-BF9B-19F94BB6F451}.Release|Any CPU.Build.0 = Release|Any CPU
		{5B2C9A2C-2B04-48CD-BF9B-19F94BB6F451}.Release|x64.ActiveCfg = Release|Any CPU
		{5B2C9A2C-2B04-48CD-BF9B-19F94BB6F451}.Release|x64.Build.0 = Release|Any CPU
		{5B2C9A2C-2B04-48CD-BF9B-19F94BB6F451}.Release|x86.ActiveCfg = Release|Any CPU
		{5B2C9A2C-2B04-48CD-BF9B-19F94BB6F451}.Release|x86.Build.0 = Release|Any CPU
		{8C419193-2F95-45D0-AFA2-4C6D130F750E}.Debug|Any CPU.ActiveCfg = Debug|Any CPU
		{8C419193-2F95-45D0-AFA2-4C6D130F750E}.Debug|Any CPU.Build.0 = Debug|Any CPU
		{8C419193-2F95-45D0-AFA2-4C6D130F750E}.Debug|x64.ActiveCfg = Debug|Any CPU
		{8C419193-2F95-45D0-AFA2-4C6D130F750E}.Debug|x64.Build.0 = Debug|Any CPU
		{8C419193-2F95-45D0-AFA2-4C6D130F750E}.Debug|x86.ActiveCfg = Debug|Any CPU
		{8C419193-2F95-45D0-AFA2-4C6D130F750E}.Debug|x86.Build.0 = Debug|Any CPU
		{8C419193-2F95-45D0-AFA2-4C6D130F750E}.Release|Any CPU.ActiveCfg = Release|Any CPU
		{8C419193-2F95-45D0-AFA2-4C6D130F750E}.Release|Any CPU.Build.0 = Release|Any CPU
		{8C419193-2F95-45D0-AFA2-4C6D130F750E}.Release|x64.ActiveCfg = Release|Any CPU
		{8C419193-2F95-45D0-AFA2-4C6D130F750E}.Release|x64.Build.0 = Release|Any CPU
		{8C419193-2F95-45D0-AFA2-4C6D130F750E}.Release|x86.ActiveCfg = Release|Any CPU
		{8C419193-2F95-45D0-AFA2-4C6D130F750E}.Release|x86.Build.0 = Release|Any CPU
		{FD053013-39F1-4E9C-8C99-DDE1873B9561}.Debug|Any CPU.ActiveCfg = Debug|Any CPU
		{FD053013-39F1-4E9C-8C99-DDE1873B9561}.Debug|Any CPU.Build.0 = Debug|Any CPU
		{FD053013-39F1-4E9C-8C99-DDE1873B9561}.Debug|x64.ActiveCfg = Debug|Any CPU
		{FD053013-39F1-4E9C-8C99-DDE1873B9561}.Debug|x64.Build.0 = Debug|Any CPU
		{FD053013-39F1-4E9C-8C99-DDE1873B9561}.Debug|x86.ActiveCfg = Debug|Any CPU
		{FD053013-39F1-4E9C-8C99-DDE1873B9561}.Debug|x86.Build.0 = Debug|Any CPU
		{FD053013-39F1-4E9C-8C99-DDE1873B9561}.Release|Any CPU.ActiveCfg = Release|Any CPU
		{FD053013-39F1-4E9C-8C99-DDE1873B9561}.Release|Any CPU.Build.0 = Release|Any CPU
		{FD053013-39F1-4E9C-8C99-DDE1873B9561}.Release|x64.ActiveCfg = Release|Any CPU
		{FD053013-39F1-4E9C-8C99-DDE1873B9561}.Release|x64.Build.0 = Release|Any CPU
		{FD053013-39F1-4E9C-8C99-DDE1873B9561}.Release|x86.ActiveCfg = Release|Any CPU
		{FD053013-39F1-4E9C-8C99-DDE1873B9561}.Release|x86.Build.0 = Release|Any CPU
		{76F8A584-B500-41A4-A8F2-6C4D87B9AF15}.Debug|Any CPU.ActiveCfg = Debug|Any CPU
		{76F8A584-B500-41A4-A8F2-6C4D87B9AF15}.Debug|Any CPU.Build.0 = Debug|Any CPU
		{76F8A584-B500-41A4-A8F2-6C4D87B9AF15}.Debug|x64.ActiveCfg = Debug|Any CPU
		{76F8A584-B500-41A4-A8F2-6C4D87B9AF15}.Debug|x64.Build.0 = Debug|Any CPU
		{76F8A584-B500-41A4-A8F2-6C4D87B9AF15}.Debug|x86.ActiveCfg = Debug|Any CPU
		{76F8A584-B500-41A4-A8F2-6C4D87B9AF15}.Debug|x86.Build.0 = Debug|Any CPU
		{76F8A584-B500-41A4-A8F2-6C4D87B9AF15}.Release|Any CPU.ActiveCfg = Release|Any CPU
		{76F8A584-B500-41A4-A8F2-6C4D87B9AF15}.Release|Any CPU.Build.0 = Release|Any CPU
		{76F8A584-B500-41A4-A8F2-6C4D87B9AF15}.Release|x64.ActiveCfg = Release|Any CPU
		{76F8A584-B500-41A4-A8F2-6C4D87B9AF15}.Release|x64.Build.0 = Release|Any CPU
		{76F8A584-B500-41A4-A8F2-6C4D87B9AF15}.Release|x86.ActiveCfg = Release|Any CPU
		{76F8A584-B500-41A4-A8F2-6C4D87B9AF15}.Release|x86.Build.0 = Release|Any CPU
		{33DE225B-D435-42F4-9913-A686C3E3D3D8}.Debug|Any CPU.ActiveCfg = Debug|Any CPU
		{33DE225B-D435-42F4-9913-A686C3E3D3D8}.Debug|Any CPU.Build.0 = Debug|Any CPU
		{33DE225B-D435-42F4-9913-A686C3E3D3D8}.Debug|x64.ActiveCfg = Debug|Any CPU
		{33DE225B-D435-42F4-9913-A686C3E3D3D8}.Debug|x64.Build.0 = Debug|Any CPU
		{33DE225B-D435-42F4-9913-A686C3E3D3D8}.Debug|x86.ActiveCfg = Debug|Any CPU
		{33DE225B-D435-42F4-9913-A686C3E3D3D8}.Debug|x86.Build.0 = Debug|Any CPU
		{33DE225B-D435-42F4-9913-A686C3E3D3D8}.Release|Any CPU.ActiveCfg = Release|Any CPU
		{33DE225B-D435-42F4-9913-A686C3E3D3D8}.Release|Any CPU.Build.0 = Release|Any CPU
		{33DE225B-D435-42F4-9913-A686C3E3D3D8}.Release|x64.ActiveCfg = Release|Any CPU
		{33DE225B-D435-42F4-9913-A686C3E3D3D8}.Release|x64.Build.0 = Release|Any CPU
		{33DE225B-D435-42F4-9913-A686C3E3D3D8}.Release|x86.ActiveCfg = Release|Any CPU
		{33DE225B-D435-42F4-9913-A686C3E3D3D8}.Release|x86.Build.0 = Release|Any CPU
		{DE299F9A-488D-415C-9AEF-C442105376B7}.Debug|Any CPU.ActiveCfg = Debug|Any CPU
		{DE299F9A-488D-415C-9AEF-C442105376B7}.Debug|Any CPU.Build.0 = Debug|Any CPU
		{DE299F9A-488D-415C-9AEF-C442105376B7}.Debug|x64.ActiveCfg = Debug|Any CPU
		{DE299F9A-488D-415C-9AEF-C442105376B7}.Debug|x64.Build.0 = Debug|Any CPU
		{DE299F9A-488D-415C-9AEF-C442105376B7}.Debug|x86.ActiveCfg = Debug|Any CPU
		{DE299F9A-488D-415C-9AEF-C442105376B7}.Debug|x86.Build.0 = Debug|Any CPU
		{DE299F9A-488D-415C-9AEF-C442105376B7}.Release|Any CPU.ActiveCfg = Release|Any CPU
		{DE299F9A-488D-415C-9AEF-C442105376B7}.Release|Any CPU.Build.0 = Release|Any CPU
		{DE299F9A-488D-415C-9AEF-C442105376B7}.Release|x64.ActiveCfg = Release|Any CPU
		{DE299F9A-488D-415C-9AEF-C442105376B7}.Release|x64.Build.0 = Release|Any CPU
		{DE299F9A-488D-415C-9AEF-C442105376B7}.Release|x86.ActiveCfg = Release|Any CPU
		{DE299F9A-488D-415C-9AEF-C442105376B7}.Release|x86.Build.0 = Release|Any CPU
		{EB19D272-3A2C-4A88-8A22-783683CCCABC}.Debug|Any CPU.ActiveCfg = Debug|Any CPU
		{EB19D272-3A2C-4A88-8A22-783683CCCABC}.Debug|Any CPU.Build.0 = Debug|Any CPU
		{EB19D272-3A2C-4A88-8A22-783683CCCABC}.Debug|x64.ActiveCfg = Debug|Any CPU
		{EB19D272-3A2C-4A88-8A22-783683CCCABC}.Debug|x64.Build.0 = Debug|Any CPU
		{EB19D272-3A2C-4A88-8A22-783683CCCABC}.Debug|x86.ActiveCfg = Debug|Any CPU
		{EB19D272-3A2C-4A88-8A22-783683CCCABC}.Debug|x86.Build.0 = Debug|Any CPU
		{EB19D272-3A2C-4A88-8A22-783683CCCABC}.Release|Any CPU.ActiveCfg = Release|Any CPU
		{EB19D272-3A2C-4A88-8A22-783683CCCABC}.Release|Any CPU.Build.0 = Release|Any CPU
		{EB19D272-3A2C-4A88-8A22-783683CCCABC}.Release|x64.ActiveCfg = Release|Any CPU
		{EB19D272-3A2C-4A88-8A22-783683CCCABC}.Release|x64.Build.0 = Release|Any CPU
		{EB19D272-3A2C-4A88-8A22-783683CCCABC}.Release|x86.ActiveCfg = Release|Any CPU
		{EB19D272-3A2C-4A88-8A22-783683CCCABC}.Release|x86.Build.0 = Release|Any CPU
		{7B0582CF-77DB-4917-A9A6-CB1F8C312DF0}.Debug|Any CPU.ActiveCfg = Debug|Any CPU
		{7B0582CF-77DB-4917-A9A6-CB1F8C312DF0}.Debug|Any CPU.Build.0 = Debug|Any CPU
		{7B0582CF-77DB-4917-A9A6-CB1F8C312DF0}.Debug|x64.ActiveCfg = Debug|Any CPU
		{7B0582CF-77DB-4917-A9A6-CB1F8C312DF0}.Debug|x64.Build.0 = Debug|Any CPU
		{7B0582CF-77DB-4917-A9A6-CB1F8C312DF0}.Debug|x86.ActiveCfg = Debug|Any CPU
		{7B0582CF-77DB-4917-A9A6-CB1F8C312DF0}.Debug|x86.Build.0 = Debug|Any CPU
		{7B0582CF-77DB-4917-A9A6-CB1F8C312DF0}.Release|Any CPU.ActiveCfg = Release|Any CPU
		{7B0582CF-77DB-4917-A9A6-CB1F8C312DF0}.Release|Any CPU.Build.0 = Release|Any CPU
		{7B0582CF-77DB-4917-A9A6-CB1F8C312DF0}.Release|x64.ActiveCfg = Release|Any CPU
		{7B0582CF-77DB-4917-A9A6-CB1F8C312DF0}.Release|x64.Build.0 = Release|Any CPU
		{7B0582CF-77DB-4917-A9A6-CB1F8C312DF0}.Release|x86.ActiveCfg = Release|Any CPU
		{7B0582CF-77DB-4917-A9A6-CB1F8C312DF0}.Release|x86.Build.0 = Release|Any CPU
		{BF35DCF0-BBDE-4DAB-B093-5BE4362B4760}.Debug|Any CPU.ActiveCfg = Debug|Any CPU
		{BF35DCF0-BBDE-4DAB-B093-5BE4362B4760}.Debug|Any CPU.Build.0 = Debug|Any CPU
		{BF35DCF0-BBDE-4DAB-B093-5BE4362B4760}.Debug|x64.ActiveCfg = Debug|Any CPU
		{BF35DCF0-BBDE-4DAB-B093-5BE4362B4760}.Debug|x64.Build.0 = Debug|Any CPU
		{BF35DCF0-BBDE-4DAB-B093-5BE4362B4760}.Debug|x86.ActiveCfg = Debug|Any CPU
		{BF35DCF0-BBDE-4DAB-B093-5BE4362B4760}.Debug|x86.Build.0 = Debug|Any CPU
		{BF35DCF0-BBDE-4DAB-B093-5BE4362B4760}.Release|Any CPU.ActiveCfg = Release|Any CPU
		{BF35DCF0-BBDE-4DAB-B093-5BE4362B4760}.Release|Any CPU.Build.0 = Release|Any CPU
		{BF35DCF0-BBDE-4DAB-B093-5BE4362B4760}.Release|x64.ActiveCfg = Release|Any CPU
		{BF35DCF0-BBDE-4DAB-B093-5BE4362B4760}.Release|x64.Build.0 = Release|Any CPU
		{BF35DCF0-BBDE-4DAB-B093-5BE4362B4760}.Release|x86.ActiveCfg = Release|Any CPU
		{BF35DCF0-BBDE-4DAB-B093-5BE4362B4760}.Release|x86.Build.0 = Release|Any CPU
	EndGlobalSection
	GlobalSection(SolutionProperties) = preSolution
		HideSolutionNode = FALSE
	EndGlobalSection
	GlobalSection(NestedProjects) = preSolution
		{976F520D-EF70-45CE-8734-1994A98C389B} = {A74F262E-BDE7-D5D2-89E9-785413424D0A}
		{F3CB862D-87FD-4F45-B761-7A118688847A} = {62F06446-7DEF-37D4-1F52-82A46AD2F605}
		{F39ADF96-2DF8-4CA8-87BE-21D465B63464} = {62F06446-7DEF-37D4-1F52-82A46AD2F605}
		{3E3059E9-5656-48E1-9D79-F329B1D97DBE} = {62F06446-7DEF-37D4-1F52-82A46AD2F605}
		{0C7D8271-F747-4BBB-BFFC-92D9C6637220} = {62F06446-7DEF-37D4-1F52-82A46AD2F605}
		{1D425844-A974-47E4-B332-979B81F3994C} = {62F06446-7DEF-37D4-1F52-82A46AD2F605}
		{9611591E-C4D3-4F3D-9506-921595E36D94} = {62F06446-7DEF-37D4-1F52-82A46AD2F605}
		{B15B2A60-D41F-4897-B8D6-0E9053EDE508} = {62F06446-7DEF-37D4-1F52-82A46AD2F605}
		{97D049D7-BDA3-49FF-8B13-7F5C43CDF5F2} = {62F06446-7DEF-37D4-1F52-82A46AD2F605}
		{352768BB-1684-46D7-AC59-4E2636C7779F} = {62F06446-7DEF-37D4-1F52-82A46AD2F605}
		{976386AF-CA6D-449A-BA69-C7E4E3A775BD} = {62F06446-7DEF-37D4-1F52-82A46AD2F605}
		{AC925D10-DE0B-48C9-A766-B3867AE136D1} = {62F06446-7DEF-37D4-1F52-82A46AD2F605}
		{9D21C653-59C3-4211-ACCD-A4424420037E} = {62F06446-7DEF-37D4-1F52-82A46AD2F605}
		{0F56D0A0-C8C6-48CE-B0CE-7840BDD31790} = {62F06446-7DEF-37D4-1F52-82A46AD2F605}
		{CBBD0870-74EE-41C4-AEE2-723FE2C80120} = {62F06446-7DEF-37D4-1F52-82A46AD2F605}
		{809276FB-C4FE-4A24-91D1-763C4F387EB0} = {62F06446-7DEF-37D4-1F52-82A46AD2F605}
		{5B2C9A2C-2B04-48CD-BF9B-19F94BB6F451} = {62F06446-7DEF-37D4-1F52-82A46AD2F605}
		{8C419193-2F95-45D0-AFA2-4C6D130F750E} = {62F06446-7DEF-37D4-1F52-82A46AD2F605}
		{FD053013-39F1-4E9C-8C99-DDE1873B9561} = {62F06446-7DEF-37D4-1F52-82A46AD2F605}
		{76F8A584-B500-41A4-A8F2-6C4D87B9AF15} = {62F06446-7DEF-37D4-1F52-82A46AD2F605}
		{33DE225B-D435-42F4-9913-A686C3E3D3D8} = {62F06446-7DEF-37D4-1F52-82A46AD2F605}
		{DE299F9A-488D-415C-9AEF-C442105376B7} = {62F06446-7DEF-37D4-1F52-82A46AD2F605}
		{EB19D272-3A2C-4A88-8A22-783683CCCABC} = {62F06446-7DEF-37D4-1F52-82A46AD2F605}
		{7B0582CF-77DB-4917-A9A6-CB1F8C312DF0} = {07C2787E-EAC7-C090-1BA3-A61EC2A24D84}
		{BF35DCF0-BBDE-4DAB-B093-5BE4362B4760} = {0AB3BF05-4346-4AA6-1389-037BE0695223}
	EndGlobalSection
EndGlobal
