
Microsoft Visual Studio Solution File, Format Version 12.00
# Visual Studio Version 17
VisualStudioVersion = 17.0.31903.59
MinimumVisualStudioVersion = 10.0.40219.1
Project("{FAE04EC0-301F-11D3-BF4B-00C04F79EFBC}") = "GMTool.Dot", "GMTool.Dot\GMTool.Dot.csproj", "{C94261AF-D42F-47B6-8497-AD701319BCC5}"
EndProject
Project("{FAE04EC0-301F-11D3-BF4B-00C04F79EFBC}") = "GMTool.SqlModel", "GMTool.SqlModel\GMTool.SqlModel.csproj", "{2CA7E0EB-321D-4FF7-B050-C68AD3EC19A0}"
EndProject
Project("{FAE04EC0-301F-11D3-BF4B-00C04F79EFBC}") = "Utools", "Utools\Utools.csproj", "{812D33F4-5C73-4C2F-8251-ACAD6875116F}"
EndProject
Project("{FAE04EC0-301F-11D3-BF4B-00C04F79EFBC}") = "GMTool.Services", "GMTool.Services\GMTool.Services.csproj", "{357356C0-5104-4462-9E94-2BB3AC77EB2A}"
EndProject
Project("{FAE04EC0-301F-11D3-BF4B-00C04F79EFBC}") = "PvfCode.Dot", "PvfCode.Dot\PvfCode.Dot.csproj", "{14B7D364-ADE7-4FC8-80AD-82F15EC2348E}"
EndProject
Project("{FAE04EC0-301F-11D3-BF4B-00C04F79EFBC}") = "HL", "HL\HL.csproj", "{786137A4-F1D7-4F80-A9C5-CE7214F2AD04}"
EndProject
Project("{FAE04EC0-301F-11D3-BF4B-00C04F79EFBC}") = "PvfCode.LoggerBase", "PvfCode.LoggerBase\PvfCode.LoggerBase.csproj", "{650D7EF1-2681-41A2-8E16-EB2D22D59F18}"
EndProject
Project("{FAE04EC0-301F-11D3-BF4B-00C04F79EFBC}") = "PvfCode.Models", "PvfCode.Models\PvfCode.Models.csproj", "{B8080AE1-8440-41F1-A0F6-061C684FF30C}"
EndProject
Project("{FAE04EC0-301F-11D3-BF4B-00C04F79EFBC}") = "ServiceLocator", "ServiceLocator\ServiceLocator.csproj", "{16385D51-D224-4C38-9601-A6F18918A68E}"
EndProject
Project("{FAE04EC0-301F-11D3-BF4B-00C04F79EFBC}") = "UnitComboLib", "UnitComboLib\UnitComboLib.csproj", "{27851A09-69FF-41F1-AE4A-D7BBDDFBEDD3}"
EndProject
Project("{FAE04EC0-301F-11D3-BF4B-00C04F79EFBC}") = "PvfCode.NPK.Utils", "PvfCode.NPK.Utils\PvfCode.NPK.Utils.csproj", "{35B53C4F-03CC-4BDF-A778-B586BDE297F8}"
EndProject
Project("{FAE04EC0-301F-11D3-BF4B-00C04F79EFBC}") = "PvfCode.Services", "PvfCode.Services\PvfCode.Services.csproj", "{70840FA2-3D83-418F-843C-0AF9A1C6295E}"
EndProject
Project("{FAE04EC0-301F-11D3-BF4B-00C04F79EFBC}") = "pvfUtility.WebApi.Dto", "pvfUtility.WebApi.Dto\pvfUtility.WebApi.Dto.csproj", "{13A454C2-258E-4D90-BAF5-7E44E1319810}"
EndProject
Project("{FAE04EC0-301F-11D3-BF4B-00C04F79EFBC}") = "SevenZipSharp", "SevenZipSharp\SevenZipSharp.csproj", "{77278D54-C90F-48D0-BB0D-8FA70CEB4398}"
EndProject
Project("{FAE04EC0-301F-11D3-BF4B-00C04F79EFBC}") = "Settings", "Settings\Settings.csproj", "{3AABDFBC-409A-42CD-9621-06224E5C18B2}"
EndProject
Project("{FAE04EC0-301F-11D3-BF4B-00C04F79EFBC}") = "SettingsModel", "SettingsModel\SettingsModel.csproj", "{5DFB7F79-6C48-420D-98F9-262566B70324}"
EndProject
Project("{FAE04EC0-301F-11D3-BF4B-00C04F79EFBC}") = "TextEditLib", "TextEditLib\TextEditLib.csproj", "{830E1AEB-6319-40FC-B53E-8C74ABA197F2}"
EndProject
Project("{FAE04EC0-301F-11D3-BF4B-00C04F79EFBC}") = "Whetstone.ChatGPT", "Whetstone.ChatGPT\Whetstone.ChatGPT.csproj", "{0878E949-02A2-44ED-9C8E-A0EC19D24DAB}"
EndProject
Project("{FAE04EC0-301F-11D3-BF4B-00C04F79EFBC}") = "WpfRangeControls", "WpfRangeControls\WpfRangeControls.csproj", "{41F348CC-7C49-41EB-BC55-A7155143B10F}"
EndProject
Project("{FAE04EC0-301F-11D3-BF4B-00C04F79EFBC}") = "ICSharpCode.AvalonEdit", "ICSharpCode.AvalonEdit\ICSharpCode.AvalonEdit.csproj", "{86F6B575-60D9-432B-8B43-6B397ECD99E1}"
EndProject
Project("{FAE04EC0-301F-11D3-BF4B-00C04F79EFBC}") = "Swordfish.NET.CollectionsV3", "Swordfish.NET.CollectionsV3\Swordfish.NET.CollectionsV3.csproj", "{503A13B9-D738-4E44-9DF5-B8BA54A9B200}"
EndProject
Project("{FAE04EC0-301F-11D3-BF4B-00C04F79EFBC}") = "Vulild.Ionic.Zlib", "Vulild.Ionic.Zlib\Vulild.Ionic.Zlib.csproj", "{6D9E7178-0C7E-4BEB-80A9-661D1937024D}"
EndProject
Global
	GlobalSection(SolutionConfigurationPlatforms) = preSolution
		Debug|Any CPU = Debug|Any CPU
		Debug|x64 = Debug|x64
		Debug|x86 = Debug|x86
		Release|Any CPU = Release|Any CPU
		Release|x64 = Release|x64
		Release|x86 = Release|x86
	EndGlobalSection
	GlobalSection(ProjectConfigurationPlatforms) = postSolution
		{C94261AF-D42F-47B6-8497-AD701319BCC5}.Debug|Any CPU.ActiveCfg = Debug|Any CPU
		{C94261AF-D42F-47B6-8497-AD701319BCC5}.Debug|Any CPU.Build.0 = Debug|Any CPU
		{C94261AF-D42F-47B6-8497-AD701319BCC5}.Debug|x64.ActiveCfg = Debug|Any CPU
		{C94261AF-D42F-47B6-8497-AD701319BCC5}.Debug|x64.Build.0 = Debug|Any CPU
		{C94261AF-D42F-47B6-8497-AD701319BCC5}.Debug|x86.ActiveCfg = Debug|Any CPU
		{C94261AF-D42F-47B6-8497-AD701319BCC5}.Debug|x86.Build.0 = Debug|Any CPU
		{C94261AF-D42F-47B6-8497-AD701319BCC5}.Release|Any CPU.ActiveCfg = Release|Any CPU
		{C94261AF-D42F-47B6-8497-AD701319BCC5}.Release|Any CPU.Build.0 = Release|Any CPU
		{C94261AF-D42F-47B6-8497-AD701319BCC5}.Release|x64.ActiveCfg = Release|Any CPU
		{C94261AF-D42F-47B6-8497-AD701319BCC5}.Release|x64.Build.0 = Release|Any CPU
		{C94261AF-D42F-47B6-8497-AD701319BCC5}.Release|x86.ActiveCfg = Release|Any CPU
		{C94261AF-D42F-47B6-8497-AD701319BCC5}.Release|x86.Build.0 = Release|Any CPU
		{2CA7E0EB-321D-4FF7-B050-C68AD3EC19A0}.Debug|Any CPU.ActiveCfg = Debug|Any CPU
		{2CA7E0EB-321D-4FF7-B050-C68AD3EC19A0}.Debug|Any CPU.Build.0 = Debug|Any CPU
		{2CA7E0EB-321D-4FF7-B050-C68AD3EC19A0}.Debug|x64.ActiveCfg = Debug|Any CPU
		{2CA7E0EB-321D-4FF7-B050-C68AD3EC19A0}.Debug|x64.Build.0 = Debug|Any CPU
		{2CA7E0EB-321D-4FF7-B050-C68AD3EC19A0}.Debug|x86.ActiveCfg = Debug|Any CPU
		{2CA7E0EB-321D-4FF7-B050-C68AD3EC19A0}.Debug|x86.Build.0 = Debug|Any CPU
		{2CA7E0EB-321D-4FF7-B050-C68AD3EC19A0}.Release|Any CPU.ActiveCfg = Release|Any CPU
		{2CA7E0EB-321D-4FF7-B050-C68AD3EC19A0}.Release|Any CPU.Build.0 = Release|Any CPU
		{2CA7E0EB-321D-4FF7-B050-C68AD3EC19A0}.Release|x64.ActiveCfg = Release|Any CPU
		{2CA7E0EB-321D-4FF7-B050-C68AD3EC19A0}.Release|x64.Build.0 = Release|Any CPU
		{2CA7E0EB-321D-4FF7-B050-C68AD3EC19A0}.Release|x86.ActiveCfg = Release|Any CPU
		{2CA7E0EB-321D-4FF7-B050-C68AD3EC19A0}.Release|x86.Build.0 = Release|Any CPU
		{812D33F4-5C73-4C2F-8251-ACAD6875116F}.Debug|Any CPU.ActiveCfg = Debug|Any CPU
		{812D33F4-5C73-4C2F-8251-ACAD6875116F}.Debug|Any CPU.Build.0 = Debug|Any CPU
		{812D33F4-5C73-4C2F-8251-ACAD6875116F}.Debug|x64.ActiveCfg = Debug|Any CPU
		{812D33F4-5C73-4C2F-8251-ACAD6875116F}.Debug|x64.Build.0 = Debug|Any CPU
		{812D33F4-5C73-4C2F-8251-ACAD6875116F}.Debug|x86.ActiveCfg = Debug|Any CPU
		{812D33F4-5C73-4C2F-8251-ACAD6875116F}.Debug|x86.Build.0 = Debug|Any CPU
		{812D33F4-5C73-4C2F-8251-ACAD6875116F}.Release|Any CPU.ActiveCfg = Release|Any CPU
		{812D33F4-5C73-4C2F-8251-ACAD6875116F}.Release|Any CPU.Build.0 = Release|Any CPU
		{812D33F4-5C73-4C2F-8251-ACAD6875116F}.Release|x64.ActiveCfg = Release|Any CPU
		{812D33F4-5C73-4C2F-8251-ACAD6875116F}.Release|x64.Build.0 = Release|Any CPU
		{812D33F4-5C73-4C2F-8251-ACAD6875116F}.Release|x86.ActiveCfg = Release|Any CPU
		{812D33F4-5C73-4C2F-8251-ACAD6875116F}.Release|x86.Build.0 = Release|Any CPU
		{357356C0-5104-4462-9E94-2BB3AC77EB2A}.Debug|Any CPU.ActiveCfg = Debug|Any CPU
		{357356C0-5104-4462-9E94-2BB3AC77EB2A}.Debug|Any CPU.Build.0 = Debug|Any CPU
		{357356C0-5104-4462-9E94-2BB3AC77EB2A}.Debug|x64.ActiveCfg = Debug|Any CPU
		{357356C0-5104-4462-9E94-2BB3AC77EB2A}.Debug|x64.Build.0 = Debug|Any CPU
		{357356C0-5104-4462-9E94-2BB3AC77EB2A}.Debug|x86.ActiveCfg = Debug|Any CPU
		{357356C0-5104-4462-9E94-2BB3AC77EB2A}.Debug|x86.Build.0 = Debug|Any CPU
		{357356C0-5104-4462-9E94-2BB3AC77EB2A}.Release|Any CPU.ActiveCfg = Release|Any CPU
		{357356C0-5104-4462-9E94-2BB3AC77EB2A}.Release|Any CPU.Build.0 = Release|Any CPU
		{357356C0-5104-4462-9E94-2BB3AC77EB2A}.Release|x64.ActiveCfg = Release|Any CPU
		{357356C0-5104-4462-9E94-2BB3AC77EB2A}.Release|x64.Build.0 = Release|Any CPU
		{357356C0-5104-4462-9E94-2BB3AC77EB2A}.Release|x86.ActiveCfg = Release|Any CPU
		{357356C0-5104-4462-9E94-2BB3AC77EB2A}.Release|x86.Build.0 = Release|Any CPU
		{14B7D364-ADE7-4FC8-80AD-82F15EC2348E}.Debug|Any CPU.ActiveCfg = Debug|Any CPU
		{14B7D364-ADE7-4FC8-80AD-82F15EC2348E}.Debug|Any CPU.Build.0 = Debug|Any CPU
		{14B7D364-ADE7-4FC8-80AD-82F15EC2348E}.Debug|x64.ActiveCfg = Debug|Any CPU
		{14B7D364-ADE7-4FC8-80AD-82F15EC2348E}.Debug|x64.Build.0 = Debug|Any CPU
		{14B7D364-ADE7-4FC8-80AD-82F15EC2348E}.Debug|x86.ActiveCfg = Debug|Any CPU
		{14B7D364-ADE7-4FC8-80AD-82F15EC2348E}.Debug|x86.Build.0 = Debug|Any CPU
		{14B7D364-ADE7-4FC8-80AD-82F15EC2348E}.Release|Any CPU.ActiveCfg = Release|Any CPU
		{14B7D364-ADE7-4FC8-80AD-82F15EC2348E}.Release|Any CPU.Build.0 = Release|Any CPU
		{14B7D364-ADE7-4FC8-80AD-82F15EC2348E}.Release|x64.ActiveCfg = Release|Any CPU
		{14B7D364-ADE7-4FC8-80AD-82F15EC2348E}.Release|x64.Build.0 = Release|Any CPU
		{14B7D364-ADE7-4FC8-80AD-82F15EC2348E}.Release|x86.ActiveCfg = Release|Any CPU
		{14B7D364-ADE7-4FC8-80AD-82F15EC2348E}.Release|x86.Build.0 = Release|Any CPU
		{786137A4-F1D7-4F80-A9C5-CE7214F2AD04}.Debug|Any CPU.ActiveCfg = Debug|Any CPU
		{786137A4-F1D7-4F80-A9C5-CE7214F2AD04}.Debug|Any CPU.Build.0 = Debug|Any CPU
		{786137A4-F1D7-4F80-A9C5-CE7214F2AD04}.Debug|x64.ActiveCfg = Debug|Any CPU
		{786137A4-F1D7-4F80-A9C5-CE7214F2AD04}.Debug|x64.Build.0 = Debug|Any CPU
		{786137A4-F1D7-4F80-A9C5-CE7214F2AD04}.Debug|x86.ActiveCfg = Debug|Any CPU
		{786137A4-F1D7-4F80-A9C5-CE7214F2AD04}.Debug|x86.Build.0 = Debug|Any CPU
		{786137A4-F1D7-4F80-A9C5-CE7214F2AD04}.Release|Any CPU.ActiveCfg = Release|Any CPU
		{786137A4-F1D7-4F80-A9C5-CE7214F2AD04}.Release|Any CPU.Build.0 = Release|Any CPU
		{786137A4-F1D7-4F80-A9C5-CE7214F2AD04}.Release|x64.ActiveCfg = Release|Any CPU
		{786137A4-F1D7-4F80-A9C5-CE7214F2AD04}.Release|x64.Build.0 = Release|Any CPU
		{786137A4-F1D7-4F80-A9C5-CE7214F2AD04}.Release|x86.ActiveCfg = Release|Any CPU
		{786137A4-F1D7-4F80-A9C5-CE7214F2AD04}.Release|x86.Build.0 = Release|Any CPU
		{650D7EF1-2681-41A2-8E16-EB2D22D59F18}.Debug|Any CPU.ActiveCfg = Debug|Any CPU
		{650D7EF1-2681-41A2-8E16-EB2D22D59F18}.Debug|Any CPU.Build.0 = Debug|Any CPU
		{650D7EF1-2681-41A2-8E16-EB2D22D59F18}.Debug|x64.ActiveCfg = Debug|Any CPU
		{650D7EF1-2681-41A2-8E16-EB2D22D59F18}.Debug|x64.Build.0 = Debug|Any CPU
		{650D7EF1-2681-41A2-8E16-EB2D22D59F18}.Debug|x86.ActiveCfg = Debug|Any CPU
		{650D7EF1-2681-41A2-8E16-EB2D22D59F18}.Debug|x86.Build.0 = Debug|Any CPU
		{650D7EF1-2681-41A2-8E16-EB2D22D59F18}.Release|Any CPU.ActiveCfg = Release|Any CPU
		{650D7EF1-2681-41A2-8E16-EB2D22D59F18}.Release|Any CPU.Build.0 = Release|Any CPU
		{650D7EF1-2681-41A2-8E16-EB2D22D59F18}.Release|x64.ActiveCfg = Release|Any CPU
		{650D7EF1-2681-41A2-8E16-EB2D22D59F18}.Release|x64.Build.0 = Release|Any CPU
		{650D7EF1-2681-41A2-8E16-EB2D22D59F18}.Release|x86.ActiveCfg = Release|Any CPU
		{650D7EF1-2681-41A2-8E16-EB2D22D59F18}.Release|x86.Build.0 = Release|Any CPU
		{B8080AE1-8440-41F1-A0F6-061C684FF30C}.Debug|Any CPU.ActiveCfg = Debug|Any CPU
		{B8080AE1-8440-41F1-A0F6-061C684FF30C}.Debug|Any CPU.Build.0 = Debug|Any CPU
		{B8080AE1-8440-41F1-A0F6-061C684FF30C}.Debug|x64.ActiveCfg = Debug|Any CPU
		{B8080AE1-8440-41F1-A0F6-061C684FF30C}.Debug|x64.Build.0 = Debug|Any CPU
		{B8080AE1-8440-41F1-A0F6-061C684FF30C}.Debug|x86.ActiveCfg = Debug|Any CPU
		{B8080AE1-8440-41F1-A0F6-061C684FF30C}.Debug|x86.Build.0 = Debug|Any CPU
		{B8080AE1-8440-41F1-A0F6-061C684FF30C}.Release|Any CPU.ActiveCfg = Release|Any CPU
		{B8080AE1-8440-41F1-A0F6-061C684FF30C}.Release|Any CPU.Build.0 = Release|Any CPU
		{B8080AE1-8440-41F1-A0F6-061C684FF30C}.Release|x64.ActiveCfg = Release|Any CPU
		{B8080AE1-8440-41F1-A0F6-061C684FF30C}.Release|x64.Build.0 = Release|Any CPU
		{B8080AE1-8440-41F1-A0F6-061C684FF30C}.Release|x86.ActiveCfg = Release|Any CPU
		{B8080AE1-8440-41F1-A0F6-061C684FF30C}.Release|x86.Build.0 = Release|Any CPU
		{16385D51-D224-4C38-9601-A6F18918A68E}.Debug|Any CPU.ActiveCfg = Debug|Any CPU
		{16385D51-D224-4C38-9601-A6F18918A68E}.Debug|Any CPU.Build.0 = Debug|Any CPU
		{16385D51-D224-4C38-9601-A6F18918A68E}.Debug|x64.ActiveCfg = Debug|Any CPU
		{16385D51-D224-4C38-9601-A6F18918A68E}.Debug|x64.Build.0 = Debug|Any CPU
		{16385D51-D224-4C38-9601-A6F18918A68E}.Debug|x86.ActiveCfg = Debug|Any CPU
		{16385D51-D224-4C38-9601-A6F18918A68E}.Debug|x86.Build.0 = Debug|Any CPU
		{16385D51-D224-4C38-9601-A6F18918A68E}.Release|Any CPU.ActiveCfg = Release|Any CPU
		{16385D51-D224-4C38-9601-A6F18918A68E}.Release|Any CPU.Build.0 = Release|Any CPU
		{16385D51-D224-4C38-9601-A6F18918A68E}.Release|x64.ActiveCfg = Release|Any CPU
		{16385D51-D224-4C38-9601-A6F18918A68E}.Release|x64.Build.0 = Release|Any CPU
		{16385D51-D224-4C38-9601-A6F18918A68E}.Release|x86.ActiveCfg = Release|Any CPU
		{16385D51-D224-4C38-9601-A6F18918A68E}.Release|x86.Build.0 = Release|Any CPU
		{27851A09-69FF-41F1-AE4A-D7BBDDFBEDD3}.Debug|Any CPU.ActiveCfg = Debug|Any CPU
		{27851A09-69FF-41F1-AE4A-D7BBDDFBEDD3}.Debug|Any CPU.Build.0 = Debug|Any CPU
		{27851A09-69FF-41F1-AE4A-D7BBDDFBEDD3}.Debug|x64.ActiveCfg = Debug|Any CPU
		{27851A09-69FF-41F1-AE4A-D7BBDDFBEDD3}.Debug|x64.Build.0 = Debug|Any CPU
		{27851A09-69FF-41F1-AE4A-D7BBDDFBEDD3}.Debug|x86.ActiveCfg = Debug|Any CPU
		{27851A09-69FF-41F1-AE4A-D7BBDDFBEDD3}.Debug|x86.Build.0 = Debug|Any CPU
		{27851A09-69FF-41F1-AE4A-D7BBDDFBEDD3}.Release|Any CPU.ActiveCfg = Release|Any CPU
		{27851A09-69FF-41F1-AE4A-D7BBDDFBEDD3}.Release|Any CPU.Build.0 = Release|Any CPU
		{27851A09-69FF-41F1-AE4A-D7BBDDFBEDD3}.Release|x64.ActiveCfg = Release|Any CPU
		{27851A09-69FF-41F1-AE4A-D7BBDDFBEDD3}.Release|x64.Build.0 = Release|Any CPU
		{27851A09-69FF-41F1-AE4A-D7BBDDFBEDD3}.Release|x86.ActiveCfg = Release|Any CPU
		{27851A09-69FF-41F1-AE4A-D7BBDDFBEDD3}.Release|x86.Build.0 = Release|Any CPU
		{35B53C4F-03CC-4BDF-A778-B586BDE297F8}.Debug|Any CPU.ActiveCfg = Debug|Any CPU
		{35B53C4F-03CC-4BDF-A778-B586BDE297F8}.Debug|Any CPU.Build.0 = Debug|Any CPU
		{35B53C4F-03CC-4BDF-A778-B586BDE297F8}.Debug|x64.ActiveCfg = Debug|Any CPU
		{35B53C4F-03CC-4BDF-A778-B586BDE297F8}.Debug|x64.Build.0 = Debug|Any CPU
		{35B53C4F-03CC-4BDF-A778-B586BDE297F8}.Debug|x86.ActiveCfg = Debug|Any CPU
		{35B53C4F-03CC-4BDF-A778-B586BDE297F8}.Debug|x86.Build.0 = Debug|Any CPU
		{35B53C4F-03CC-4BDF-A778-B586BDE297F8}.Release|Any CPU.ActiveCfg = Release|Any CPU
		{35B53C4F-03CC-4BDF-A778-B586BDE297F8}.Release|Any CPU.Build.0 = Release|Any CPU
		{35B53C4F-03CC-4BDF-A778-B586BDE297F8}.Release|x64.ActiveCfg = Release|Any CPU
		{35B53C4F-03CC-4BDF-A778-B586BDE297F8}.Release|x64.Build.0 = Release|Any CPU
		{35B53C4F-03CC-4BDF-A778-B586BDE297F8}.Release|x86.ActiveCfg = Release|Any CPU
		{35B53C4F-03CC-4BDF-A778-B586BDE297F8}.Release|x86.Build.0 = Release|Any CPU
		{70840FA2-3D83-418F-843C-0AF9A1C6295E}.Debug|Any CPU.ActiveCfg = Debug|Any CPU
		{70840FA2-3D83-418F-843C-0AF9A1C6295E}.Debug|Any CPU.Build.0 = Debug|Any CPU
		{70840FA2-3D83-418F-843C-0AF9A1C6295E}.Debug|x64.ActiveCfg = Debug|Any CPU
		{70840FA2-3D83-418F-843C-0AF9A1C6295E}.Debug|x64.Build.0 = Debug|Any CPU
		{70840FA2-3D83-418F-843C-0AF9A1C6295E}.Debug|x86.ActiveCfg = Debug|Any CPU
		{70840FA2-3D83-418F-843C-0AF9A1C6295E}.Debug|x86.Build.0 = Debug|Any CPU
		{70840FA2-3D83-418F-843C-0AF9A1C6295E}.Release|Any CPU.ActiveCfg = Release|Any CPU
		{70840FA2-3D83-418F-843C-0AF9A1C6295E}.Release|Any CPU.Build.0 = Release|Any CPU
		{70840FA2-3D83-418F-843C-0AF9A1C6295E}.Release|x64.ActiveCfg = Release|Any CPU
		{70840FA2-3D83-418F-843C-0AF9A1C6295E}.Release|x64.Build.0 = Release|Any CPU
		{70840FA2-3D83-418F-843C-0AF9A1C6295E}.Release|x86.ActiveCfg = Release|Any CPU
		{70840FA2-3D83-418F-843C-0AF9A1C6295E}.Release|x86.Build.0 = Release|Any CPU
		{13A454C2-258E-4D90-BAF5-7E44E1319810}.Debug|Any CPU.ActiveCfg = Debug|Any CPU
		{13A454C2-258E-4D90-BAF5-7E44E1319810}.Debug|Any CPU.Build.0 = Debug|Any CPU
		{13A454C2-258E-4D90-BAF5-7E44E1319810}.Debug|x64.ActiveCfg = Debug|Any CPU
		{13A454C2-258E-4D90-BAF5-7E44E1319810}.Debug|x64.Build.0 = Debug|Any CPU
		{13A454C2-258E-4D90-BAF5-7E44E1319810}.Debug|x86.ActiveCfg = Debug|Any CPU
		{13A454C2-258E-4D90-BAF5-7E44E1319810}.Debug|x86.Build.0 = Debug|Any CPU
		{13A454C2-258E-4D90-BAF5-7E44E1319810}.Release|Any CPU.ActiveCfg = Release|Any CPU
		{13A454C2-258E-4D90-BAF5-7E44E1319810}.Release|Any CPU.Build.0 = Release|Any CPU
		{13A454C2-258E-4D90-BAF5-7E44E1319810}.Release|x64.ActiveCfg = Release|Any CPU
		{13A454C2-258E-4D90-BAF5-7E44E1319810}.Release|x64.Build.0 = Release|Any CPU
		{13A454C2-258E-4D90-BAF5-7E44E1319810}.Release|x86.ActiveCfg = Release|Any CPU
		{13A454C2-258E-4D90-BAF5-7E44E1319810}.Release|x86.Build.0 = Release|Any CPU
		{77278D54-C90F-48D0-BB0D-8FA70CEB4398}.Debug|Any CPU.ActiveCfg = Debug|Any CPU
		{77278D54-C90F-48D0-BB0D-8FA70CEB4398}.Debug|Any CPU.Build.0 = Debug|Any CPU
		{77278D54-C90F-48D0-BB0D-8FA70CEB4398}.Debug|x64.ActiveCfg = Debug|Any CPU
		{77278D54-C90F-48D0-BB0D-8FA70CEB4398}.Debug|x64.Build.0 = Debug|Any CPU
		{77278D54-C90F-48D0-BB0D-8FA70CEB4398}.Debug|x86.ActiveCfg = Debug|Any CPU
		{77278D54-C90F-48D0-BB0D-8FA70CEB4398}.Debug|x86.Build.0 = Debug|Any CPU
		{77278D54-C90F-48D0-BB0D-8FA70CEB4398}.Release|Any CPU.ActiveCfg = Release|Any CPU
		{77278D54-C90F-48D0-BB0D-8FA70CEB4398}.Release|Any CPU.Build.0 = Release|Any CPU
		{77278D54-C90F-48D0-BB0D-8FA70CEB4398}.Release|x64.ActiveCfg = Release|Any CPU
		{77278D54-C90F-48D0-BB0D-8FA70CEB4398}.Release|x64.Build.0 = Release|Any CPU
		{77278D54-C90F-48D0-BB0D-8FA70CEB4398}.Release|x86.ActiveCfg = Release|Any CPU
		{77278D54-C90F-48D0-BB0D-8FA70CEB4398}.Release|x86.Build.0 = Release|Any CPU
		{3AABDFBC-409A-42CD-9621-06224E5C18B2}.Debug|Any CPU.ActiveCfg = Debug|Any CPU
		{3AABDFBC-409A-42CD-9621-06224E5C18B2}.Debug|Any CPU.Build.0 = Debug|Any CPU
		{3AABDFBC-409A-42CD-9621-06224E5C18B2}.Debug|x64.ActiveCfg = Debug|Any CPU
		{3AABDFBC-409A-42CD-9621-06224E5C18B2}.Debug|x64.Build.0 = Debug|Any CPU
		{3AABDFBC-409A-42CD-9621-06224E5C18B2}.Debug|x86.ActiveCfg = Debug|Any CPU
		{3AABDFBC-409A-42CD-9621-06224E5C18B2}.Debug|x86.Build.0 = Debug|Any CPU
		{3AABDFBC-409A-42CD-9621-06224E5C18B2}.Release|Any CPU.ActiveCfg = Release|Any CPU
		{3AABDFBC-409A-42CD-9621-06224E5C18B2}.Release|Any CPU.Build.0 = Release|Any CPU
		{3AABDFBC-409A-42CD-9621-06224E5C18B2}.Release|x64.ActiveCfg = Release|Any CPU
		{3AABDFBC-409A-42CD-9621-06224E5C18B2}.Release|x64.Build.0 = Release|Any CPU
		{3AABDFBC-409A-42CD-9621-06224E5C18B2}.Release|x86.ActiveCfg = Release|Any CPU
		{3AABDFBC-409A-42CD-9621-06224E5C18B2}.Release|x86.Build.0 = Release|Any CPU
		{5DFB7F79-6C48-420D-98F9-262566B70324}.Debug|Any CPU.ActiveCfg = Debug|Any CPU
		{5DFB7F79-6C48-420D-98F9-262566B70324}.Debug|Any CPU.Build.0 = Debug|Any CPU
		{5DFB7F79-6C48-420D-98F9-262566B70324}.Debug|x64.ActiveCfg = Debug|Any CPU
		{5DFB7F79-6C48-420D-98F9-262566B70324}.Debug|x64.Build.0 = Debug|Any CPU
		{5DFB7F79-6C48-420D-98F9-262566B70324}.Debug|x86.ActiveCfg = Debug|Any CPU
		{5DFB7F79-6C48-420D-98F9-262566B70324}.Debug|x86.Build.0 = Debug|Any CPU
		{5DFB7F79-6C48-420D-98F9-262566B70324}.Release|Any CPU.ActiveCfg = Release|Any CPU
		{5DFB7F79-6C48-420D-98F9-262566B70324}.Release|Any CPU.Build.0 = Release|Any CPU
		{5DFB7F79-6C48-420D-98F9-262566B70324}.Release|x64.ActiveCfg = Release|Any CPU
		{5DFB7F79-6C48-420D-98F9-262566B70324}.Release|x64.Build.0 = Release|Any CPU
		{5DFB7F79-6C48-420D-98F9-262566B70324}.Release|x86.ActiveCfg = Release|Any CPU
		{5DFB7F79-6C48-420D-98F9-262566B70324}.Release|x86.Build.0 = Release|Any CPU
		{830E1AEB-6319-40FC-B53E-8C74ABA197F2}.Debug|Any CPU.ActiveCfg = Debug|Any CPU
		{830E1AEB-6319-40FC-B53E-8C74ABA197F2}.Debug|Any CPU.Build.0 = Debug|Any CPU
		{830E1AEB-6319-40FC-B53E-8C74ABA197F2}.Debug|x64.ActiveCfg = Debug|Any CPU
		{830E1AEB-6319-40FC-B53E-8C74ABA197F2}.Debug|x64.Build.0 = Debug|Any CPU
		{830E1AEB-6319-40FC-B53E-8C74ABA197F2}.Debug|x86.ActiveCfg = Debug|Any CPU
		{830E1AEB-6319-40FC-B53E-8C74ABA197F2}.Debug|x86.Build.0 = Debug|Any CPU
		{830E1AEB-6319-40FC-B53E-8C74ABA197F2}.Release|Any CPU.ActiveCfg = Release|Any CPU
		{830E1AEB-6319-40FC-B53E-8C74ABA197F2}.Release|Any CPU.Build.0 = Release|Any CPU
		{830E1AEB-6319-40FC-B53E-8C74ABA197F2}.Release|x64.ActiveCfg = Release|Any CPU
		{830E1AEB-6319-40FC-B53E-8C74ABA197F2}.Release|x64.Build.0 = Release|Any CPU
		{830E1AEB-6319-40FC-B53E-8C74ABA197F2}.Release|x86.ActiveCfg = Release|Any CPU
		{830E1AEB-6319-40FC-B53E-8C74ABA197F2}.Release|x86.Build.0 = Release|Any CPU
		{0878E949-02A2-44ED-9C8E-A0EC19D24DAB}.Debug|Any CPU.ActiveCfg = Debug|Any CPU
		{0878E949-02A2-44ED-9C8E-A0EC19D24DAB}.Debug|Any CPU.Build.0 = Debug|Any CPU
		{0878E949-02A2-44ED-9C8E-A0EC19D24DAB}.Debug|x64.ActiveCfg = Debug|Any CPU
		{0878E949-02A2-44ED-9C8E-A0EC19D24DAB}.Debug|x64.Build.0 = Debug|Any CPU
		{0878E949-02A2-44ED-9C8E-A0EC19D24DAB}.Debug|x86.ActiveCfg = Debug|Any CPU
		{0878E949-02A2-44ED-9C8E-A0EC19D24DAB}.Debug|x86.Build.0 = Debug|Any CPU
		{0878E949-02A2-44ED-9C8E-A0EC19D24DAB}.Release|Any CPU.ActiveCfg = Release|Any CPU
		{0878E949-02A2-44ED-9C8E-A0EC19D24DAB}.Release|Any CPU.Build.0 = Release|Any CPU
		{0878E949-02A2-44ED-9C8E-A0EC19D24DAB}.Release|x64.ActiveCfg = Release|Any CPU
		{0878E949-02A2-44ED-9C8E-A0EC19D24DAB}.Release|x64.Build.0 = Release|Any CPU
		{0878E949-02A2-44ED-9C8E-A0EC19D24DAB}.Release|x86.ActiveCfg = Release|Any CPU
		{0878E949-02A2-44ED-9C8E-A0EC19D24DAB}.Release|x86.Build.0 = Release|Any CPU
		{41F348CC-7C49-41EB-BC55-A7155143B10F}.Debug|Any CPU.ActiveCfg = Debug|Any CPU
		{41F348CC-7C49-41EB-BC55-A7155143B10F}.Debug|Any CPU.Build.0 = Debug|Any CPU
		{41F348CC-7C49-41EB-BC55-A7155143B10F}.Debug|x64.ActiveCfg = Debug|Any CPU
		{41F348CC-7C49-41EB-BC55-A7155143B10F}.Debug|x64.Build.0 = Debug|Any CPU
		{41F348CC-7C49-41EB-BC55-A7155143B10F}.Debug|x86.ActiveCfg = Debug|Any CPU
		{41F348CC-7C49-41EB-BC55-A7155143B10F}.Debug|x86.Build.0 = Debug|Any CPU
		{41F348CC-7C49-41EB-BC55-A7155143B10F}.Release|Any CPU.ActiveCfg = Release|Any CPU
		{41F348CC-7C49-41EB-BC55-A7155143B10F}.Release|Any CPU.Build.0 = Release|Any CPU
		{41F348CC-7C49-41EB-BC55-A7155143B10F}.Release|x64.ActiveCfg = Release|Any CPU
		{41F348CC-7C49-41EB-BC55-A7155143B10F}.Release|x64.Build.0 = Release|Any CPU
		{41F348CC-7C49-41EB-BC55-A7155143B10F}.Release|x86.ActiveCfg = Release|Any CPU
		{41F348CC-7C49-41EB-BC55-A7155143B10F}.Release|x86.Build.0 = Release|Any CPU
		{86F6B575-60D9-432B-8B43-6B397ECD99E1}.Debug|Any CPU.ActiveCfg = Debug|Any CPU
		{86F6B575-60D9-432B-8B43-6B397ECD99E1}.Debug|Any CPU.Build.0 = Debug|Any CPU
		{86F6B575-60D9-432B-8B43-6B397ECD99E1}.Debug|x64.ActiveCfg = Debug|Any CPU
		{86F6B575-60D9-432B-8B43-6B397ECD99E1}.Debug|x64.Build.0 = Debug|Any CPU
		{86F6B575-60D9-432B-8B43-6B397ECD99E1}.Debug|x86.ActiveCfg = Debug|Any CPU
		{86F6B575-60D9-432B-8B43-6B397ECD99E1}.Debug|x86.Build.0 = Debug|Any CPU
		{86F6B575-60D9-432B-8B43-6B397ECD99E1}.Release|Any CPU.ActiveCfg = Release|Any CPU
		{86F6B575-60D9-432B-8B43-6B397ECD99E1}.Release|Any CPU.Build.0 = Release|Any CPU
		{86F6B575-60D9-432B-8B43-6B397ECD99E1}.Release|x64.ActiveCfg = Release|Any CPU
		{86F6B575-60D9-432B-8B43-6B397ECD99E1}.Release|x64.Build.0 = Release|Any CPU
		{86F6B575-60D9-432B-8B43-6B397ECD99E1}.Release|x86.ActiveCfg = Release|Any CPU
		{86F6B575-60D9-432B-8B43-6B397ECD99E1}.Release|x86.Build.0 = Release|Any CPU
		{503A13B9-D738-4E44-9DF5-B8BA54A9B200}.Debug|Any CPU.ActiveCfg = Debug|Any CPU
		{503A13B9-D738-4E44-9DF5-B8BA54A9B200}.Debug|Any CPU.Build.0 = Debug|Any CPU
		{503A13B9-D738-4E44-9DF5-B8BA54A9B200}.Debug|x64.ActiveCfg = Debug|Any CPU
		{503A13B9-D738-4E44-9DF5-B8BA54A9B200}.Debug|x64.Build.0 = Debug|Any CPU
		{503A13B9-D738-4E44-9DF5-B8BA54A9B200}.Debug|x86.ActiveCfg = Debug|Any CPU
		{503A13B9-D738-4E44-9DF5-B8BA54A9B200}.Debug|x86.Build.0 = Debug|Any CPU
		{503A13B9-D738-4E44-9DF5-B8BA54A9B200}.Release|Any CPU.ActiveCfg = Release|Any CPU
		{503A13B9-D738-4E44-9DF5-B8BA54A9B200}.Release|Any CPU.Build.0 = Release|Any CPU
		{503A13B9-D738-4E44-9DF5-B8BA54A9B200}.Release|x64.ActiveCfg = Release|Any CPU
		{503A13B9-D738-4E44-9DF5-B8BA54A9B200}.Release|x64.Build.0 = Release|Any CPU
		{503A13B9-D738-4E44-9DF5-B8BA54A9B200}.Release|x86.ActiveCfg = Release|Any CPU
		{503A13B9-D738-4E44-9DF5-B8BA54A9B200}.Release|x86.Build.0 = Release|Any CPU
		{6D9E7178-0C7E-4BEB-80A9-661D1937024D}.Debug|Any CPU.ActiveCfg = Debug|Any CPU
		{6D9E7178-0C7E-4BEB-80A9-661D1937024D}.Debug|Any CPU.Build.0 = Debug|Any CPU
		{6D9E7178-0C7E-4BEB-80A9-661D1937024D}.Debug|x64.ActiveCfg = Debug|Any CPU
		{6D9E7178-0C7E-4BEB-80A9-661D1937024D}.Debug|x64.Build.0 = Debug|Any CPU
		{6D9E7178-0C7E-4BEB-80A9-661D1937024D}.Debug|x86.ActiveCfg = Debug|Any CPU
		{6D9E7178-0C7E-4BEB-80A9-661D1937024D}.Debug|x86.Build.0 = Debug|Any CPU
		{6D9E7178-0C7E-4BEB-80A9-661D1937024D}.Release|Any CPU.ActiveCfg = Release|Any CPU
		{6D9E7178-0C7E-4BEB-80A9-661D1937024D}.Release|Any CPU.Build.0 = Release|Any CPU
		{6D9E7178-0C7E-4BEB-80A9-661D1937024D}.Release|x64.ActiveCfg = Release|Any CPU
		{6D9E7178-0C7E-4BEB-80A9-661D1937024D}.Release|x64.Build.0 = Release|Any CPU
		{6D9E7178-0C7E-4BEB-80A9-661D1937024D}.Release|x86.ActiveCfg = Release|Any CPU
		{6D9E7178-0C7E-4BEB-80A9-661D1937024D}.Release|x86.Build.0 = Release|Any CPU
	EndGlobalSection
	GlobalSection(SolutionProperties) = preSolution
		HideSolutionNode = FALSE
	EndGlobalSection
EndGlobal
